// !$*UTF8*$!
{
	archiveVersion = 1;
	classes = {
	};
	objectVersion = 46;
	objects = {

/* Begin PBXBuildFile section */
		98C9936A1B8E5DDB00A3DFB1 /* main.m in Sources */ = {isa = PBXBuildFile; fileRef = 98C993691B8E5DDB00A3DFB1 /* main.m */; };
		98C9936F1B8E5DDB00A3DFB1 /* Images.xcassets in Resources */ = {isa = PBXBuildFile; fileRef = 98C9936E1B8E5DDB00A3DFB1 /* Images.xcassets */; };
		98C993721B8E5DDB00A3DFB1 /* Main.storyboard in Resources */ = {isa = PBXBuildFile; fileRef = 98C993701B8E5DDB00A3DFB1 /* Main.storyboard */; };
		98C993891B8E5E8400A3DFB1 /* MPScrollingTextField.m in Sources */ = {isa = PBXBuildFile; fileRef = 98C993881B8E5E8400A3DFB1 /* MPScrollingTextField.m */; };
/* End PBXBuildFile section */

/* Begin PBXFileReference section */
		98C993611B8E5DDB00A3DFB1 /* ScrollingDemo.app */ = {isa = PBXFileReference; explicitFileType = wrapper.application; includeInIndex = 0; path = ScrollingDemo.app; sourceTree = BUILT_PRODUCTS_DIR; };
		98C993651B8E5DDB00A3DFB1 /* Info.plist */ = {isa = PBXFileReference; lastKnownFileType = text.plist.xml; path = Info.plist; sourceTree = "<group>"; };
		98C993691B8E5DDB00A3DFB1 /* main.m */ = {isa = PBXFileReference; lastKnownFileType = sourcecode.c.objc; path = main.m; sourceTree = "<group>"; };
		98C9936E1B8E5DDB00A3DFB1 /* Images.xcassets */ = {isa = PBXFileReference; lastKnownFileType = folder.assetcatalog; path = Images.xcassets; sourceTree = "<group>"; };
		98C993711B8E5DDB00A3DFB1 /* Base */ = {isa = PBXFileReference; lastKnownFileType = file.storyboard; name = Base; path = Base.lproj/Main.storyboard; sourceTree = "<group>"; };
		98C993871B8E5E8400A3DFB1 /* MPScrollingTextField.h */ = {isa = PBXFileReference; fileEncoding = 4; lastKnownFileType = sourcecode.c.h; name = MPScrollingTextField.h; path = ../../MPScrollingTextField.h; sourceTree = "<group>"; };
		98C993881B8E5E8400A3DFB1 /* MPScrollingTextField.m */ = {isa = PBXFileReference; fileEncoding = 4; lastKnownFileType = sourcecode.c.objc; name = MPScrollingTextField.m; path = ../../MPScrollingTextField.m; sourceTree = "<group>"; };
/* End PBXFileReference section */

/* Begin PBXFrameworksBuildPhase section */
		98C9935E1B8E5DDB00A3DFB1 /* Frameworks */ = {
			isa = PBXFrameworksBuildPhase;
			buildActionMask = 2147483647;
			files = (
			);
			runOnlyForDeploymentPostprocessing = 0;
		};
/* End PBXFrameworksBuildPhase section */

/* Begin PBXGroup section */
		98C993581B8E5DDA00A3DFB1 = {
			isa = PBXGroup;
			children = (
				98C993631B8E5DDB00A3DFB1 /* ScrollingDemo */,
				98C993621B8E5DDB00A3DFB1 /* Products */,
			);
			sourceTree = "<group>";
		};
		98C993621B8E5DDB00A3DFB1 /* Products */ = {
			isa = PBXGroup;
			children = (
				98C993611B8E5DDB00A3DFB1 /* ScrollingDemo.app */,
			);
			name = Products;
			sourceTree = "<group>";
		};
		98C993631B8E5DDB00A3DFB1 /* ScrollingDemo */ = {
			isa = PBXGroup;
			children = (
				98C993871B8E5E8400A3DFB1 /* MPScrollingTextField.h */,
				98C993881B8E5E8400A3DFB1 /* MPScrollingTextField.m */,
				98C9936E1B8E5DDB00A3DFB1 /* Images.xcassets */,
				98C993701B8E5DDB00A3DFB1 /* Main.storyboard */,
				98C993641B8E5DDB00A3DFB1 /* Supporting Files */,
			);
			path = ScrollingDemo;
			sourceTree = "<group>";
		};
		98C993641B8E5DDB00A3DFB1 /* Supporting Files */ = {
			isa = PBXGroup;
			children = (
				98C993651B8E5DDB00A3DFB1 /* Info.plist */,
				98C993691B8E5DDB00A3DFB1 /* main.m */,
			);
			name = "Supporting Files";
			sourceTree = "<group>";
		};
/* End PBXGroup section */

/* Begin PBXNativeTarget section */
		98C993601B8E5DDB00A3DFB1 /* ScrollingDemo */ = {
			isa = PBXNativeTarget;
			buildConfigurationList = 98C993811B8E5DDB00A3DFB1 /* Build configuration list for PBXNativeTarget "ScrollingDemo" */;
			buildPhases = (
				98C9935D1B8E5DDB00A3DFB1 /* Sources */,
				98C9935E1B8E5DDB00A3DFB1 /* Frameworks */,
				98C9935F1B8E5DDB00A3DFB1 /* Resources */,
			);
			buildRules = (
			);
			dependencies = (
			);
			name = ScrollingDemo;
			productName = ScrollingDemo;
			productReference = 98C993611B8E5DDB00A3DFB1 /* ScrollingDemo.app */;
			productType = "com.apple.product-type.application";
		};
/* End PBXNativeTarget section */

/* Begin PBXProject section */
		98C993591B8E5DDA00A3DFB1 /* Project object */ = {
			isa = PBXProject;
			attributes = {
				LastUpgradeCheck = 0640;
				ORGANIZATIONNAME = "Denis Stas";
				TargetAttributes = {
					98C993601B8E5DDB00A3DFB1 = {
						CreatedOnToolsVersion = 6.4;
					};
				};
			};
			buildConfigurationList = 98C9935C1B8E5DDA00A3DFB1 /* Build configuration list for PBXProject "ScrollingDemo" */;
			compatibilityVersion = "Xcode 3.2";
			developmentRegion = English;
			hasScannedForEncodings = 0;
			knownRegions = (
				en,
				Base,
			);
			mainGroup = 98C993581B8E5DDA00A3DFB1;
			productRefGroup = 98C993621B8E5DDB00A3DFB1 /* Products */;
			projectDirPath = "";
			projectRoot = "";
			targets = (
				98C993601B8E5DDB00A3DFB1 /* ScrollingDemo */,
			);
		};
/* End PBXProject section */

/* Begin PBXResourcesBuildPhase section */
		98C9935F1B8E5DDB00A3DFB1 /* Resources */ = {
			isa = PBXResourcesBuildPhase;
			buildActionMask = 2147483647;
			files = (
				98C9936F1B8E5DDB00A3DFB1 /* Images.xcassets in Resources */,
				98C993721B8E5DDB00A3DFB1 /* Main.storyboard in Resources */,
			);
			runOnlyForDeploymentPostprocessing = 0;
		};
/* End PBXResourcesBuildPhase section */

/* Begin PBXSourcesBuildPhase section */
		98C9935D1B8E5DDB00A3DFB1 /* Sources */ = {
			isa = PBXSourcesBuildPhase;
			buildActionMask = 2147483647;
			files = (
				98C993891B8E5E8400A3DFB1 /* MPScrollingTextField.m in Sources */,
				98C9936A1B8E5DDB00A3DFB1 /* main.m in Sources */,
			);
			runOnlyForDeploymentPostprocessing = 0;
		};
/* End PBXSourcesBuildPhase section */

/* Begin PBXVariantGroup section */
		98C993701B8E5DDB00A3DFB1 /* Main.storyboard */ = {
			isa = PBXVariantGroup;
			children = (
				98C993711B8E5DDB00A3DFB1 /* Base */,
			);
			name = Main.storyboard;
			sourceTree = "<group>";
		};
/* End PBXVariantGroup section */

/* Begin XCBuildConfiguration section */
		98C9937F1B8E5DDB00A3DFB1 /* Debug */ = {
			isa = XCBuildConfiguration;
			buildSettings = {
				ALWAYS_SEARCH_USER_PATHS = NO;
				CLANG_CXX_LANGUAGE_STANDARD = "gnu++0x";
				CLANG_CXX_LIBRARY = "libc++";
				CLANG_ENABLE_MODULES = YES;
				CLANG_ENABLE_OBJC_ARC = YES;
				CLANG_WARN_BOOL_CONVERSION = YES;
				CLANG_WARN_CONSTANT_CONVERSION = YES;
				CLANG_WARN_DIRECT_OBJC_ISA_USAGE = YES_ERROR;
				CLANG_WARN_EMPTY_BODY = YES;
				CLANG_WARN_ENUM_CONVERSION = YES;
				CLANG_WARN_INT_CONVERSION = YES;
				CLANG_WARN_OBJC_ROOT_CLASS = YES_ERROR;
				CLANG_WARN_UNREACHABLE_CODE = YES;
				CLANG_WARN__DUPLICATE_METHOD_MATCH = YES;
				CODE_SIGN_IDENTITY = "-";
				COPY_PHASE_STRIP = NO;
				DEBUG_INFORMATION_FORMAT = dwarf;
				ENABLE_STRICT_OBJC_MSGSEND = YES;
				GCC_C_LANGUAGE_STANDARD = gnu99;
				GCC_DYNAMIC_NO_PIC = NO;
				GCC_NO_COMMON_BLOCKS = YES;
				GCC_OPTIMIZATION_LEVEL = 0;
				GCC_PREPROCESSOR_DEFINITIONS = (
					"DEBUG=1",
					"$(inherited)",
				);
				GCC_SYMBOLS_PRIVATE_EXTERN = NO;
				GCC_WARN_64_TO_32_BIT_CONVERSION = YES;
				GCC_WARN_ABOUT_RETURN_TYPE = YES_ERROR;
				GCC_WARN_UNDECLARED_SELECTOR = YES;
				GCC_WARN_UNINITIALIZED_AUTOS = YES_AGGRESSIVE;
				GCC_WARN_UNUSED_FUNCTION = YES;
				GCC_WARN_UNUSED_VARIABLE = YES;
				MACOSX_DEPLOYMENT_TARGET = 10.11;
				MTL_ENABLE_DEBUG_INFO = YES;
				ONLY_ACTIVE_ARCH = YES;
				SDKROOT = macosx;
			};
			name = Debug;
		};
		98C993801B8E5DDB00A3DFB1 /* Release */ = {
			isa = XCBuildConfiguration;
			buildSettings = {
				ALWAYS_SEARCH_USER_PATHS = NO;
				CLANG_CXX_LANGUAGE_STANDARD = "gnu++0x";
				CLANG_CXX_LIBRARY = "libc++";
				CLANG_ENABLE_MODULES = YES;
				CLANG_ENABLE_OBJC_ARC = YES;
				CLANG_WARN_BOOL_CONVERSION = YES;
				CLANG_WARN_CONSTANT_CONVERSION = YES;
				CLANG_WARN_DIRECT_OBJC_ISA_USAGE = YES_ERROR;
				CLANG_WARN_EMPTY_BODY = YES;
				CLANG_WARN_ENUM_CONVERSION = YES;
				CLANG_WARN_INT_CONVERSION = YES;
				CLANG_WARN_OBJC_ROOT_CLASS = YES_ERROR;
				CLANG_WARN_UNREACHABLE_CODE = YES;
				CLANG_WARN__DUPLICATE_METHOD_MATCH = YES;
				CODE_SIGN_IDENTITY = "-";
				COPY_PHASE_STRIP = NO;
				DEBUG_INFORMATION_FORMAT = "dwarf-with-dsym";
				ENABLE_NS_ASSERTIONS = NO;
				ENABLE_STRICT_OBJC_MSGSEND = YES;
				GCC_C_LANGUAGE_STANDARD = gnu99;
				GCC_NO_COMMON_BLOCKS = YES;
				GCC_WARN_64_TO_32_BIT_CONVERSION = YES;
				GCC_WARN_ABOUT_RETURN_TYPE = YES_ERROR;
				GCC_WARN_UNDECLARED_SELECTOR = YES;
				GCC_WARN_UNINITIALIZED_AUTOS = YES_AGGRESSIVE;
				GCC_WARN_UNUSED_FUNCTION = YES;
				GCC_WARN_UNUSED_VARIABLE = YES;
				MACOSX_DEPLOYMENT_TARGET = 10.11;
				MTL_ENABLE_DEBUG_INFO = NO;
				SDKROOT = macosx;
			};
			name = Release;
		};
		98C993821B8E5DDB00A3DFB1 /* Debug */ = {
			isa = XCBuildConfiguration;
			buildSettings = {
				ASSETCATALOG_COMPILER_APPICON_NAME = AppIcon;
				COMBINE_HIDPI_IMAGES = YES;
				INFOPLIST_FILE = ScrollingDemo/Info.plist;
				LD_RUNPATH_SEARCH_PATHS = "$(inherited) @executable_path/../Frameworks";
				PRODUCT_NAME = "$(TARGET_NAME)";
			};
			name = Debug;
		};
		98C993831B8E5DDB00A3DFB1 /* Release */ = {
			isa = XCBuildConfiguration;
			buildSettings = {
				ASSETCATALOG_COMPILER_APPICON_NAME = AppIcon;
				COMBINE_HIDPI_IMAGES = YES;
				INFOPLIST_FILE = ScrollingDemo/Info.plist;
				LD_RUNPATH_SEARCH_PATHS = "$(inherited) @executable_path/../Frameworks";
				PRODUCT_NAME = "$(TARGET_NAME)";
			};
			name = Release;
		};
/* End XCBuildConfiguration section */

/* Begin XCConfigurationList section */
		98C9935C1B8E5DDA00A3DFB1 /* Build configuration list for PBXProject "ScrollingDemo" */ = {
			isa = XCConfigurationList;
			buildConfigurations = (
				98C9937F1B8E5DDB00A3DFB1 /* Debug */,
				98C993801B8E5DDB00A3DFB1 /* Release */,
			);
			defaultConfigurationIsVisible = 0;
			defaultConfigurationName = Release;
		};
		98C993811B8E5DDB00A3DFB1 /* Build configuration list for PBXNativeTarget "ScrollingDemo" */ = {
			isa = XCConfigurationList;
			buildConfigurations = (
				98C993821B8E5DDB00A3DFB1 /* Debug */,
				98C993831B8E5DDB00A3DFB1 /* Release */,
			);
			defaultConfigurationIsVisible = 0;
			defaultConfigurationName = Release;
		};
/* End XCConfigurationList section */
	};
	rootObject = 98C993591B8E5DDA00A3DFB1 /* Project object */;
}
